
Microsoft Visual Studio Solution File, Format Version 12.00
# Visual Studio Version 17
VisualStudioVersion = 17.4.33213.308
MinimumVisualStudioVersion = 10.0.40219.1
Project("{FAE04EC0-301F-11D3-BF4B-00C04F79EFBC}") = "ConsoleApp2", "ConsoleApp2.csproj", "{49395FCB-ABBD-4E56-AA20-FDF54E01C6D3}"
EndProject
Global
	GlobalSection(SolutionConfigurationPlatforms) = preSolution
		Debug|Any CPU = Debug|Any CPU
		Release|Any CPU = Release|Any CPU
	EndGlobalSection
	GlobalSection(ProjectConfigurationPlatforms) = postSolution
		{49395FCB-ABBD-4E56-AA20-FDF54E01C6D3}.Debug|Any CPU.ActiveCfg = Debug|Any CPU
		{49395FCB-ABBD-4E56-AA20-FDF54E01C6D3}.Debug|Any CPU.Build.0 = Debug|Any CPU
		{49395FCB-ABBD-4E56-AA20-FDF54E01C6D3}.Release|Any CPU.ActiveCfg = Release|Any CPU
		{49395FCB-ABBD-4E56-AA20-FDF54E01C6D3}.Release|Any CPU.Build.0 = Release|Any CPU
	EndGlobalSection
	GlobalSection(SolutionProperties) = preSolution
		HideSolutionNode = FALSE
	EndGlobalSection
	GlobalSection(ExtensibilityGlobals) = postSolution
		SolutionGuid = {8AC9F8C5-B079-406A-BBD6-8FE2E4F9BEFA}
	EndGlobalSection
EndGlobal
